
Microsoft Visual Studio Solution File, Format Version 12.00
# Visual Studio Version 16
VisualStudioVersion = 16.0.31515.178
MinimumVisualStudioVersion = 10.0.40219.1
Project("{FAE04EC0-301F-11D3-BF4B-00C04F79EFBC}") = "formewb", "formewb\formewb.csproj", "{ED7C1D9C-9A5F-41C7-8DF6-06D3821487CF}"
EndProject
Global
	GlobalSection(SolutionConfigurationPlatforms) = preSolution
		Debug|Any CPU = Debug|Any CPU
		Release|Any CPU = Release|Any CPU
	EndGlobalSection
	GlobalSection(ProjectConfigurationPlatforms) = postSolution
		{ED7C1D9C-9A5F-41C7-8DF6-06D3821487CF}.Debug|Any CPU.ActiveCfg = Debug|Any CPU
		{ED7C1D9C-9A5F-41C7-8DF6-06D3821487CF}.Debug|Any CPU.Build.0 = Debug|Any CPU
		{ED7C1D9C-9A5F-41C7-8DF6-06D3821487CF}.Release|Any CPU.ActiveCfg = Release|Any CPU
		{ED7C1D9C-9A5F-41C7-8DF6-06D3821487CF}.Release|Any CPU.Build.0 = Release|Any CPU
	EndGlobalSection
	GlobalSection(SolutionProperties) = preSolution
		HideSolutionNode = FALSE
	EndGlobalSection
	GlobalSection(ExtensibilityGlobals) = postSolution
		SolutionGuid = {7E6B7A14-1BD7-43AD-859A-B5E92AA3AEA0}
	EndGlobalSection
EndGlobal
